
Microsoft Visual Studio Solution File, Format Version 11.00
# Visual Studio 2010
Project("{FAE04EC0-301F-11D3-BF4B-00C04F79EFBC}") = "Utakotoha", "Utakotoha\Utakotoha.csproj", "{A4E6FFAA-DD93-401C-991C-F21CB23D3247}"
EndProject
Project("{FAE04EC0-301F-11D3-BF4B-00C04F79EFBC}") = "Utakotoha.Test", "Utakotoha.Test\Utakotoha.Test.csproj", "{A030B96C-91CE-448F-9A06-641D2B4218D4}"
EndProject
Project("{2150E333-8FDC-42A3-9474-1A3956D46DE8}") = "Solution Items", "Solution Items", "{6AA2D26D-03C8-48C8-A7C5-0F5FCAD186E8}"
EndProject
Project("{FAE04EC0-301F-11D3-BF4B-00C04F79EFBC}") = "Utakotoha.TestRef", "Utakotoha.TestRef\Utakotoha.TestRef.csproj", "{62D20861-CDD5-4A58-ACFC-598D774587E5}"
EndProject
Global
	GlobalSection(SolutionConfigurationPlatforms) = preSolution
		Debug|Any CPU = Debug|Any CPU
		Release|Any CPU = Release|Any CPU
	EndGlobalSection
	GlobalSection(ProjectConfigurationPlatforms) = postSolution
		{A4E6FFAA-DD93-401C-991C-F21CB23D3247}.Debug|Any CPU.ActiveCfg = Debug|Any CPU
		{A4E6FFAA-DD93-401C-991C-F21CB23D3247}.Debug|Any CPU.Build.0 = Debug|Any CPU
		{A4E6FFAA-DD93-401C-991C-F21CB23D3247}.Debug|Any CPU.Deploy.0 = Debug|Any CPU
		{A4E6FFAA-DD93-401C-991C-F21CB23D3247}.Release|Any CPU.ActiveCfg = Release|Any CPU
		{A4E6FFAA-DD93-401C-991C-F21CB23D3247}.Release|Any CPU.Build.0 = Release|Any CPU
		{A4E6FFAA-DD93-401C-991C-F21CB23D3247}.Release|Any CPU.Deploy.0 = Release|Any CPU
		{A030B96C-91CE-448F-9A06-641D2B4218D4}.Debug|Any CPU.ActiveCfg = Debug|Any CPU
		{A030B96C-91CE-448F-9A06-641D2B4218D4}.Debug|Any CPU.Build.0 = Debug|Any CPU
		{A030B96C-91CE-448F-9A06-641D2B4218D4}.Release|Any CPU.ActiveCfg = Release|Any CPU
		{A030B96C-91CE-448F-9A06-641D2B4218D4}.Release|Any CPU.Build.0 = Release|Any CPU
		{62D20861-CDD5-4A58-ACFC-598D774587E5}.Debug|Any CPU.ActiveCfg = Debug|Any CPU
		{62D20861-CDD5-4A58-ACFC-598D774587E5}.Debug|Any CPU.Build.0 = Debug|Any CPU
		{62D20861-CDD5-4A58-ACFC-598D774587E5}.Release|Any CPU.ActiveCfg = Release|Any CPU
		{62D20861-CDD5-4A58-ACFC-598D774587E5}.Release|Any CPU.Build.0 = Release|Any CPU
	EndGlobalSection
	GlobalSection(SolutionProperties) = preSolution
		HideSolutionNode = FALSE
	EndGlobalSection
EndGlobal
